
Microsoft Visual Studio Solution File, Format Version 12.00
# Visual Studio 15
VisualStudioVersion = 15.0.27130.2024
MinimumVisualStudioVersion = 10.0.40219.1
Project("{8BC9CEB8-8B4A-11D0-8D11-00A0C91BC942}") = "demo2-6", "demo2-6\demo2-6.vcxproj", "{93E89F38-B125-42DD-B8B7-4B222470A479}"
EndProject
Global
	GlobalSection(SolutionConfigurationPlatforms) = preSolution
		Debug|x64 = Debug|x64
		Debug|x86 = Debug|x86
		Release|x64 = Release|x64
		Release|x86 = Release|x86
	EndGlobalSection
	GlobalSection(ProjectConfigurationPlatforms) = postSolution
		{93E89F38-B125-42DD-B8B7-4B222470A479}.Debug|x64.ActiveCfg = Debug|x64
		{93E89F38-B125-42DD-B8B7-4B222470A479}.Debug|x64.Build.0 = Debug|x64
		{93E89F38-B125-42DD-B8B7-4B222470A479}.Debug|x86.ActiveCfg = Debug|Win32
		{93E89F38-B125-42DD-B8B7-4B222470A479}.Debug|x86.Build.0 = Debug|Win32
		{93E89F38-B125-42DD-B8B7-4B222470A479}.Release|x64.ActiveCfg = Release|x64
		{93E89F38-B125-42DD-B8B7-4B222470A479}.Release|x64.Build.0 = Release|x64
		{93E89F38-B125-42DD-B8B7-4B222470A479}.Release|x86.ActiveCfg = Release|Win32
		{93E89F38-B125-42DD-B8B7-4B222470A479}.Release|x86.Build.0 = Release|Win32
	EndGlobalSection
	GlobalSection(SolutionProperties) = preSolution
		HideSolutionNode = FALSE
	EndGlobalSection
	GlobalSection(ExtensibilityGlobals) = postSolution
		SolutionGuid = {C06A9FC5-A75B-4DBB-BD8F-B8C8B7A883B6}
	EndGlobalSection
EndGlobal
