
Microsoft Visual Studio Solution File, Format Version 12.00
# Visual Studio 15
VisualStudioVersion = 15.0.27130.2024
MinimumVisualStudioVersion = 10.0.40219.1
Project("{8BC9CEB8-8B4A-11D0-8D11-00A0C91BC942}") = "LargeSmallLab", "LargeSmallLab\LargeSmallLab.vcxproj", "{E989C58A-2DC0-4092-984A-7368D84A5DBF}"
EndProject
Global
	GlobalSection(SolutionConfigurationPlatforms) = preSolution
		Debug|x64 = Debug|x64
		Debug|x86 = Debug|x86
		Release|x64 = Release|x64
		Release|x86 = Release|x86
	EndGlobalSection
	GlobalSection(ProjectConfigurationPlatforms) = postSolution
		{E989C58A-2DC0-4092-984A-7368D84A5DBF}.Debug|x64.ActiveCfg = Debug|x64
		{E989C58A-2DC0-4092-984A-7368D84A5DBF}.Debug|x64.Build.0 = Debug|x64
		{E989C58A-2DC0-4092-984A-7368D84A5DBF}.Debug|x86.ActiveCfg = Debug|Win32
		{E989C58A-2DC0-4092-984A-7368D84A5DBF}.Debug|x86.Build.0 = Debug|Win32
		{E989C58A-2DC0-4092-984A-7368D84A5DBF}.Release|x64.ActiveCfg = Release|x64
		{E989C58A-2DC0-4092-984A-7368D84A5DBF}.Release|x64.Build.0 = Release|x64
		{E989C58A-2DC0-4092-984A-7368D84A5DBF}.Release|x86.ActiveCfg = Release|Win32
		{E989C58A-2DC0-4092-984A-7368D84A5DBF}.Release|x86.Build.0 = Release|Win32
	EndGlobalSection
	GlobalSection(SolutionProperties) = preSolution
		HideSolutionNode = FALSE
	EndGlobalSection
	GlobalSection(ExtensibilityGlobals) = postSolution
		SolutionGuid = {F402EE80-4D55-4184-9D7C-4B9F1CE7DF0D}
	EndGlobalSection
EndGlobal
